// !$*UTF8*$!
{
	archiveVersion = 1;
	classes = {
	};
	objectVersion = 50;
	objects = {

/* Begin PBXBuildFile section */
		1C15414EE21290E62C0152B4 /* Pods_01_CustomFont.framework in Frameworks */ = {isa = PBXBuildFile; fileRef = E874F5138C68CABDBE276EDD /* Pods_01_CustomFont.framework */; };
		A747AFA62215452A00E6D47F /* AppDelegate.swift in Sources */ = {isa = PBXBuildFile; fileRef = A747AFA52215452A00E6D47F /* AppDelegate.swift */; };
		A747AFA82215452A00E6D47F /* ViewController.swift in Sources */ = {isa = PBXBuildFile; fileRef = A747AFA72215452A00E6D47F /* ViewController.swift */; };
		A747AFAB2215452A00E6D47F /* Main.storyboard in Resources */ = {isa = PBXBuildFile; fileRef = A747AFA92215452A00E6D47F /* Main.storyboard */; };
		A747AFAD2215452C00E6D47F /* Assets.xcassets in Resources */ = {isa = PBXBuildFile; fileRef = A747AFAC2215452C00E6D47F /* Assets.xcassets */; };
		A747AFB02215452C00E6D47F /* LaunchScreen.storyboard in Resources */ = {isa = PBXBuildFile; fileRef = A747AFAE2215452C00E6D47F /* LaunchScreen.storyboard */; };
/* End PBXBuildFile section */

/* Begin PBXFileReference section */
		3715D0D9246B81141A68822D /* Pods-01_CustomFont.release.xcconfig */ = {isa = PBXFileReference; includeInIndex = 1; lastKnownFileType = text.xcconfig; name = "Pods-01_CustomFont.release.xcconfig"; path = "Pods/Target Support Files/Pods-01_CustomFont/Pods-01_CustomFont.release.xcconfig"; sourceTree = "<group>"; };
		A747AFA22215452A00E6D47F /* 01_CustomFont.app */ = {isa = PBXFileReference; explicitFileType = wrapper.application; includeInIndex = 0; path = 01_CustomFont.app; sourceTree = BUILT_PRODUCTS_DIR; };
		A747AFA52215452A00E6D47F /* AppDelegate.swift */ = {isa = PBXFileReference; lastKnownFileType = sourcecode.swift; path = AppDelegate.swift; sourceTree = "<group>"; };
		A747AFA72215452A00E6D47F /* ViewController.swift */ = {isa = PBXFileReference; lastKnownFileType = sourcecode.swift; path = ViewController.swift; sourceTree = "<group>"; };
		A747AFAA2215452A00E6D47F /* Base */ = {isa = PBXFileReference; lastKnownFileType = file.storyboard; name = Base; path = Base.lproj/Main.storyboard; sourceTree = "<group>"; };
		A747AFAC2215452C00E6D47F /* Assets.xcassets */ = {isa = PBXFileReference; lastKnownFileType = folder.assetcatalog; path = Assets.xcassets; sourceTree = "<group>"; };
		A747AFAF2215452C00E6D47F /* Base */ = {isa = PBXFileReference; lastKnownFileType = file.storyboard; name = Base; path = Base.lproj/LaunchScreen.storyboard; sourceTree = "<group>"; };
		A747AFB12215452C00E6D47F /* Info.plist */ = {isa = PBXFileReference; lastKnownFileType = text.plist.xml; path = Info.plist; sourceTree = "<group>"; };
		CF5BF4AFA0F45EB06F1F0374 /* Pods-01_CustomFont.debug.xcconfig */ = {isa = PBXFileReference; includeInIndex = 1; lastKnownFileType = text.xcconfig; name = "Pods-01_CustomFont.debug.xcconfig"; path = "Pods/Target Support Files/Pods-01_CustomFont/Pods-01_CustomFont.debug.xcconfig"; sourceTree = "<group>"; };
		E874F5138C68CABDBE276EDD /* Pods_01_CustomFont.framework */ = {isa = PBXFileReference; explicitFileType = wrapper.framework; includeInIndex = 0; path = Pods_01_CustomFont.framework; sourceTree = BUILT_PRODUCTS_DIR; };
/* End PBXFileReference section */

/* Begin PBXFrameworksBuildPhase section */
		A747AF9F2215452A00E6D47F /* Frameworks */ = {
			isa = PBXFrameworksBuildPhase;
			buildActionMask = 2147483647;
			files = (
				1C15414EE21290E62C0152B4 /* Pods_01_CustomFont.framework in Frameworks */,
			);
			runOnlyForDeploymentPostprocessing = 0;
		};
/* End PBXFrameworksBuildPhase section */

/* Begin PBXGroup section */
		23F92B459EEDE78C4B7F0137 /* Pods */ = {
			isa = PBXGroup;
			children = (
				CF5BF4AFA0F45EB06F1F0374 /* Pods-01_CustomFont.debug.xcconfig */,
				3715D0D9246B81141A68822D /* Pods-01_CustomFont.release.xcconfig */,
			);
			name = Pods;
			sourceTree = "<group>";
		};
		7EACE16138820288A76EEEAB /* Frameworks */ = {
			isa = PBXGroup;
			children = (
				E874F5138C68CABDBE276EDD /* Pods_01_CustomFont.framework */,
			);
			name = Frameworks;
			sourceTree = "<group>";
		};
		A747AF992215452A00E6D47F = {
			isa = PBXGroup;
			children = (
				A747AFA42215452A00E6D47F /* 01_CustomFont */,
				A747AFA32215452A00E6D47F /* Products */,
				23F92B459EEDE78C4B7F0137 /* Pods */,
				7EACE16138820288A76EEEAB /* Frameworks */,
			);
			sourceTree = "<group>";
		};
		A747AFA32215452A00E6D47F /* Products */ = {
			isa = PBXGroup;
			children = (
				A747AFA22215452A00E6D47F /* 01_CustomFont.app */,
			);
			name = Products;
			sourceTree = "<group>";
		};
		A747AFA42215452A00E6D47F /* 01_CustomFont */ = {
			isa = PBXGroup;
			children = (
				A747AFA52215452A00E6D47F /* AppDelegate.swift */,
				A747AFA72215452A00E6D47F /* ViewController.swift */,
				A747AFA92215452A00E6D47F /* Main.storyboard */,
				A747AFAC2215452C00E6D47F /* Assets.xcassets */,
				A747AFAE2215452C00E6D47F /* LaunchScreen.storyboard */,
				A747AFB12215452C00E6D47F /* Info.plist */,
			);
			path = 01_CustomFont;
			sourceTree = "<group>";
		};
/* End PBXGroup section */

/* Begin PBXNativeTarget section */
		A747AFA12215452A00E6D47F /* 01_CustomFont */ = {
			isa = PBXNativeTarget;
			buildConfigurationList = A747AFB42215452C00E6D47F /* Build configuration list for PBXNativeTarget "01_CustomFont" */;
			buildPhases = (
				E2BC4577CDF689BCCCD43B54 /* [CP] Check Pods Manifest.lock */,
				A747AF9E2215452A00E6D47F /* Sources */,
				A747AF9F2215452A00E6D47F /* Frameworks */,
				A747AFA02215452A00E6D47F /* Resources */,
				37205892453FB08A23222778 /* [CP] Embed Pods Frameworks */,
				785B9951A3D94A62248D5892 /* [CP] Copy Pods Resources */,
			);
			buildRules = (
			);
			dependencies = (
			);
			name = 01_CustomFont;
			productName = 01_CustomFont;
			productReference = A747AFA22215452A00E6D47F /* 01_CustomFont.app */;
			productType = "com.apple.product-type.application";
		};
/* End PBXNativeTarget section */

/* Begin PBXProject section */
		A747AF9A2215452A00E6D47F /* Project object */ = {
			isa = PBXProject;
			attributes = {
				LastSwiftUpdateCheck = 1010;
				LastUpgradeCheck = 1010;
				ORGANIZATIONNAME = JXT;
				TargetAttributes = {
					A747AFA12215452A00E6D47F = {
						CreatedOnToolsVersion = 10.1;
					};
				};
			};
			buildConfigurationList = A747AF9D2215452A00E6D47F /* Build configuration list for PBXProject "01_CustomFont" */;
			compatibilityVersion = "Xcode 9.3";
			developmentRegion = en;
			hasScannedForEncodings = 0;
			knownRegions = (
				en,
				Base,
			);
			mainGroup = A747AF992215452A00E6D47F;
			productRefGroup = A747AFA32215452A00E6D47F /* Products */;
			projectDirPath = "";
			projectRoot = "";
			targets = (
				A747AFA12215452A00E6D47F /* 01_CustomFont */,
			);
		};
/* End PBXProject section */

/* Begin PBXResourcesBuildPhase section */
		A747AFA02215452A00E6D47F /* Resources */ = {
			isa = PBXResourcesBuildPhase;
			buildActionMask = 2147483647;
			files = (
				A747AFB02215452C00E6D47F /* LaunchScreen.storyboard in Resources */,
				A747AFAD2215452C00E6D47F /* Assets.xcassets in Resources */,
				A747AFAB2215452A00E6D47F /* Main.storyboard in Resources */,
			);
			runOnlyForDeploymentPostprocessing = 0;
		};
/* End PBXResourcesBuildPhase section */

/* Begin PBXShellScriptBuildPhase section */
		37205892453FB08A23222778 /* [CP] Embed Pods Frameworks */ = {
			isa = PBXShellScriptBuildPhase;
			buildActionMask = 2147483647;
			files = (
			);
			inputFileListPaths = (
			);
			inputPaths = (
				"${SRCROOT}/Pods/Target Support Files/Pods-01_CustomFont/Pods-01_CustomFont-frameworks.sh",
				"${BUILT_PRODUCTS_DIR}/SnapKit/SnapKit.framework",
			);
			name = "[CP] Embed Pods Frameworks";
			outputFileListPaths = (
			);
			outputPaths = (
				"${TARGET_BUILD_DIR}/${FRAMEWORKS_FOLDER_PATH}/SnapKit.framework",
			);
			runOnlyForDeploymentPostprocessing = 0;
			shellPath = /bin/sh;
			shellScript = "\"${SRCROOT}/Pods/Target Support Files/Pods-01_CustomFont/Pods-01_CustomFont-frameworks.sh\"\n";
			showEnvVarsInLog = 0;
		};
		785B9951A3D94A62248D5892 /* [CP] Copy Pods Resources */ = {
			isa = PBXShellScriptBuildPhase;
			buildActionMask = 2147483647;
			files = (
			);
			inputFileListPaths = (
			);
			inputPaths = (
			);
			name = "[CP] Copy Pods Resources";
			outputFileListPaths = (
			);
			outputPaths = (
			);
			runOnlyForDeploymentPostprocessing = 0;
			shellPath = /bin/sh;
			shellScript = "\"${SRCROOT}/Pods/Target Support Files/Pods-01_CustomFont/Pods-01_CustomFont-resources.sh\"\n";
			showEnvVarsInLog = 0;
		};
		E2BC4577CDF689BCCCD43B54 /* [CP] Check Pods Manifest.lock */ = {
			isa = PBXShellScriptBuildPhase;
			buildActionMask = 2147483647;
			files = (
			);
			inputFileListPaths = (
			);
			inputPaths = (
				"${PODS_PODFILE_DIR_PATH}/Podfile.lock",
				"${PODS_ROOT}/Manifest.lock",
			);
			name = "[CP] Check Pods Manifest.lock";
			outputFileListPaths = (
			);
			outputPaths = (
				"$(DERIVED_FILE_DIR)/Pods-01_CustomFont-checkManifestLockResult.txt",
			);
			runOnlyForDeploymentPostprocessing = 0;
			shellPath = /bin/sh;
			shellScript = "diff \"${PODS_PODFILE_DIR_PATH}/Podfile.lock\" \"${PODS_ROOT}/Manifest.lock\" > /dev/null\nif [ $? != 0 ] ; then\n    # print error to STDERR\n    echo \"error: The sandbox is not in sync with the Podfile.lock. Run 'pod install' or update your CocoaPods installation.\" >&2\n    exit 1\nfi\n# This output is used by Xcode 'outputs' to avoid re-running this script phase.\necho \"SUCCESS\" > \"${SCRIPT_OUTPUT_FILE_0}\"\n";
			showEnvVarsInLog = 0;
		};
/* End PBXShellScriptBuildPhase section */

/* Begin PBXSourcesBuildPhase section */
		A747AF9E2215452A00E6D47F /* Sources */ = {
			isa = PBXSourcesBuildPhase;
			buildActionMask = 2147483647;
			files = (
				A747AFA82215452A00E6D47F /* ViewController.swift in Sources */,
				A747AFA62215452A00E6D47F /* AppDelegate.swift in Sources */,
			);
			runOnlyForDeploymentPostprocessing = 0;
		};
/* End PBXSourcesBuildPhase section */

/* Begin PBXVariantGroup section */
		A747AFA92215452A00E6D47F /* Main.storyboard */ = {
			isa = PBXVariantGroup;
			children = (
				A747AFAA2215452A00E6D47F /* Base */,
			);
			name = Main.storyboard;
			sourceTree = "<group>";
		};
		A747AFAE2215452C00E6D47F /* LaunchScreen.storyboard */ = {
			isa = PBXVariantGroup;
			children = (
				A747AFAF2215452C00E6D47F /* Base */,
			);
			name = LaunchScreen.storyboard;
			sourceTree = "<group>";
		};
/* End PBXVariantGroup section */

/* Begin XCBuildConfiguration section */
		A747AFB22215452C00E6D47F /* Debug */ = {
			isa = XCBuildConfiguration;
			buildSettings = {
				ALWAYS_SEARCH_USER_PATHS = NO;
				CLANG_ANALYZER_NONNULL = YES;
				CLANG_ANALYZER_NUMBER_OBJECT_CONVERSION = YES_AGGRESSIVE;
				CLANG_CXX_LANGUAGE_STANDARD = "gnu++14";
				CLANG_CXX_LIBRARY = "libc++";
				CLANG_ENABLE_MODULES = YES;
				CLANG_ENABLE_OBJC_ARC = YES;
				CLANG_ENABLE_OBJC_WEAK = YES;
				CLANG_WARN_BLOCK_CAPTURE_AUTORELEASING = YES;
				CLANG_WARN_BOOL_CONVERSION = YES;
				CLANG_WARN_COMMA = YES;
				CLANG_WARN_CONSTANT_CONVERSION = YES;
				CLANG_WARN_DEPRECATED_OBJC_IMPLEMENTATIONS = YES;
				CLANG_WARN_DIRECT_OBJC_ISA_USAGE = YES_ERROR;
				CLANG_WARN_DOCUMENTATION_COMMENTS = YES;
				CLANG_WARN_EMPTY_BODY = YES;
				CLANG_WARN_ENUM_CONVERSION = YES;
				CLANG_WARN_INFINITE_RECURSION = YES;
				CLANG_WARN_INT_CONVERSION = YES;
				CLANG_WARN_NON_LITERAL_NULL_CONVERSION = YES;
				CLANG_WARN_OBJC_IMPLICIT_RETAIN_SELF = YES;
				CLANG_WARN_OBJC_LITERAL_CONVERSION = YES;
				CLANG_WARN_OBJC_ROOT_CLASS = YES_ERROR;
				CLANG_WARN_RANGE_LOOP_ANALYSIS = YES;
				CLANG_WARN_STRICT_PROTOTYPES = YES;
				CLANG_WARN_SUSPICIOUS_MOVE = YES;
				CLANG_WARN_UNGUARDED_AVAILABILITY = YES_AGGRESSIVE;
				CLANG_WARN_UNREACHABLE_CODE = YES;
				CLANG_WARN__DUPLICATE_METHOD_MATCH = YES;
				CODE_SIGN_IDENTITY = "iPhone Developer";
				COPY_PHASE_STRIP = NO;
				DEBUG_INFORMATION_FORMAT = dwarf;
				ENABLE_STRICT_OBJC_MSGSEND = YES;
				ENABLE_TESTABILITY = YES;
				GCC_C_LANGUAGE_STANDARD = gnu11;
				GCC_DYNAMIC_NO_PIC = NO;
				GCC_NO_COMMON_BLOCKS = YES;
				GCC_OPTIMIZATION_LEVEL = 0;
				GCC_PREPROCESSOR_DEFINITIONS = (
					"DEBUG=1",
					"$(inherited)",
				);
				GCC_WARN_64_TO_32_BIT_CONVERSION = YES;
				GCC_WARN_ABOUT_RETURN_TYPE = YES_ERROR;
				GCC_WARN_UNDECLARED_SELECTOR = YES;
				GCC_WARN_UNINITIALIZED_AUTOS = YES_AGGRESSIVE;
				GCC_WARN_UNUSED_FUNCTION = YES;
				GCC_WARN_UNUSED_VARIABLE = YES;
				IPHONEOS_DEPLOYMENT_TARGET = 10.0;
				MTL_ENABLE_DEBUG_INFO = INCLUDE_SOURCE;
				MTL_FAST_MATH = YES;
				ONLY_ACTIVE_ARCH = YES;
				SDKROOT = iphoneos;
				SWIFT_ACTIVE_COMPILATION_CONDITIONS = DEBUG;
				SWIFT_OPTIMIZATION_LEVEL = "-Onone";
			};
			name = Debug;
		};
		A747AFB32215452C00E6D47F /* Release */ = {
			isa = XCBuildConfiguration;
			buildSettings = {
				ALWAYS_SEARCH_USER_PATHS = NO;
				CLANG_ANALYZER_NONNULL = YES;
				CLANG_ANALYZER_NUMBER_OBJECT_CONVERSION = YES_AGGRESSIVE;
				CLANG_CXX_LANGUAGE_STANDARD = "gnu++14";
				CLANG_CXX_LIBRARY = "libc++";
				CLANG_ENABLE_MODULES = YES;
				CLANG_ENABLE_OBJC_ARC = YES;
				CLANG_ENABLE_OBJC_WEAK = YES;
				CLANG_WARN_BLOCK_CAPTURE_AUTORELEASING = YES;
				CLANG_WARN_BOOL_CONVERSION = YES;
				CLANG_WARN_COMMA = YES;
				CLANG_WARN_CONSTANT_CONVERSION = YES;
				CLANG_WARN_DEPRECATED_OBJC_IMPLEMENTATIONS = YES;
				CLANG_WARN_DIRECT_OBJC_ISA_USAGE = YES_ERROR;
				CLANG_WARN_DOCUMENTATION_COMMENTS = YES;
				CLANG_WARN_EMPTY_BODY = YES;
				CLANG_WARN_ENUM_CONVERSION = YES;
				CLANG_WARN_INFINITE_RECURSION = YES;
				CLANG_WARN_INT_CONVERSION = YES;
				CLANG_WARN_NON_LITERAL_NULL_CONVERSION = YES;
				CLANG_WARN_OBJC_IMPLICIT_RETAIN_SELF = YES;
				CLANG_WARN_OBJC_LITERAL_CONVERSION = YES;
				CLANG_WARN_OBJC_ROOT_CLASS = YES_ERROR;
				CLANG_WARN_RANGE_LOOP_ANALYSIS = YES;
				CLANG_WARN_STRICT_PROTOTYPES = YES;
				CLANG_WARN_SUSPICIOUS_MOVE = YES;
				CLANG_WARN_UNGUARDED_AVAILABILITY = YES_AGGRESSIVE;
				CLANG_WARN_UNREACHABLE_CODE = YES;
				CLANG_WARN__DUPLICATE_METHOD_MATCH = YES;
				CODE_SIGN_IDENTITY = "iPhone Developer";
				COPY_PHASE_STRIP = NO;
				DEBUG_INFORMATION_FORMAT = "dwarf-with-dsym";
				ENABLE_NS_ASSERTIONS = NO;
				ENABLE_STRICT_OBJC_MSGSEND = YES;
				GCC_C_LANGUAGE_STANDARD = gnu11;
				GCC_NO_COMMON_BLOCKS = YES;
				GCC_WARN_64_TO_32_BIT_CONVERSION = YES;
				GCC_WARN_ABOUT_RETURN_TYPE = YES_ERROR;
				GCC_WARN_UNDECLARED_SELECTOR = YES;
				GCC_WARN_UNINITIALIZED_AUTOS = YES_AGGRESSIVE;
				GCC_WARN_UNUSED_FUNCTION = YES;
				GCC_WARN_UNUSED_VARIABLE = YES;
				IPHONEOS_DEPLOYMENT_TARGET = 10.0;
				MTL_ENABLE_DEBUG_INFO = NO;
				MTL_FAST_MATH = YES;
				SDKROOT = iphoneos;
				SWIFT_COMPILATION_MODE = wholemodule;
				SWIFT_OPTIMIZATION_LEVEL = "-O";
				VALIDATE_PRODUCT = YES;
			};
			name = Release;
		};
		A747AFB52215452C00E6D47F /* Debug */ = {
			isa = XCBuildConfiguration;
			baseConfigurationReference = CF5BF4AFA0F45EB06F1F0374 /* Pods-01_CustomFont.debug.xcconfig */;
			buildSettings = {
				ASSETCATALOG_COMPILER_APPICON_NAME = AppIcon;
				CODE_SIGN_STYLE = Automatic;
				INFOPLIST_FILE = 01_CustomFont/Info.plist;
				LD_RUNPATH_SEARCH_PATHS = (
					"$(inherited)",
					"@executable_path/Frameworks",
				);
				PRODUCT_BUNDLE_IDENTIFIER = "com.jxt.-1-CustomFont";
				PRODUCT_NAME = "$(TARGET_NAME)";
				SWIFT_VERSION = 4.2;
				TARGETED_DEVICE_FAMILY = "1,2";
			};
			name = Debug;
		};
		A747AFB62215452C00E6D47F /* Release */ = {
			isa = XCBuildConfiguration;
			baseConfigurationReference = 3715D0D9246B81141A68822D /* Pods-01_CustomFont.release.xcconfig */;
			buildSettings = {
				ASSETCATALOG_COMPILER_APPICON_NAME = AppIcon;
				CODE_SIGN_STYLE = Automatic;
				INFOPLIST_FILE = 01_CustomFont/Info.plist;
				LD_RUNPATH_SEARCH_PATHS = (
					"$(inherited)",
					"@executable_path/Frameworks",
				);
				PRODUCT_BUNDLE_IDENTIFIER = "com.jxt.-1-CustomFont";
				PRODUCT_NAME = "$(TARGET_NAME)";
				SWIFT_VERSION = 4.2;
				TARGETED_DEVICE_FAMILY = "1,2";
			};
			name = Release;
		};
/* End XCBuildConfiguration section */

/* Begin XCConfigurationList section */
		A747AF9D2215452A00E6D47F /* Build configuration list for PBXProject "01_CustomFont" */ = {
			isa = XCConfigurationList;
			buildConfigurations = (
				A747AFB22215452C00E6D47F /* Debug */,
				A747AFB32215452C00E6D47F /* Release */,
			);
			defaultConfigurationIsVisible = 0;
			defaultConfigurationName = Release;
		};
		A747AFB42215452C00E6D47F /* Build configuration list for PBXNativeTarget "01_CustomFont" */ = {
			isa = XCConfigurationList;
			buildConfigurations = (
				A747AFB52215452C00E6D47F /* Debug */,
				A747AFB62215452C00E6D47F /* Release */,
			);
			defaultConfigurationIsVisible = 0;
			defaultConfigurationName = Release;
		};
/* End XCConfigurationList section */
	};
	rootObject = A747AF9A2215452A00E6D47F /* Project object */;
}
